
Microsoft Visual Studio Solution File, Format Version 12.00
# Visual Studio 15
VisualStudioVersion = 15.0.27130.2036
MinimumVisualStudioVersion = 10.0.40219.1
Project("{2150E333-8FDC-42A3-9474-1A3956D46DE8}") = "src", "src", "{25C8FC62-1994-4DEE-8769-4AEE6DFDB7DF}"
EndProject
Project("{9A19103F-16F7-4668-BE54-9A1E7A4F7556}") = "GrainInterfaces", "src\GrainInterfaces\GrainInterfaces.csproj", "{381854DF-0B23-4446-A6B9-3704130CA6B0}"
EndProject
Project("{9A19103F-16F7-4668-BE54-9A1E7A4F7556}") = "Grains", "src\Grains\Grains.csproj", "{50774881-404E-4E6E-B204-722EE5608479}"
EndProject
Project("{9A19103F-16F7-4668-BE54-9A1E7A4F7556}") = "OrleansHost", "src\OrleansHost\OrleansHost.csproj", "{0D8CD2A2-6DB7-4B2D-A2E9-8F48EB5E2102}"
EndProject
Project("{9A19103F-16F7-4668-BE54-9A1E7A4F7556}") = "Webapp", "src\Webapp\Webapp.csproj", "{6E4161A1-2B54-4FD4-8BB0-06085887F20D}"
EndProject
Project("{2150E333-8FDC-42A3-9474-1A3956D46DE8}") = "Solution Items", "Solution Items", "{413F37F6-9115-4A3F-A8F6-22EEE5C4F5F2}"
	ProjectSection(SolutionItems) = preProject
		global.json = global.json
		nuget.config = nuget.config
		README.md = README.md
	EndProjectSection
EndProject
Global
	GlobalSection(SolutionConfigurationPlatforms) = preSolution
		Debug|Any CPU = Debug|Any CPU
		Debug|x64 = Debug|x64
		Debug|x86 = Debug|x86
		Release|Any CPU = Release|Any CPU
		Release|x64 = Release|x64
		Release|x86 = Release|x86
	EndGlobalSection
	GlobalSection(ProjectConfigurationPlatforms) = postSolution
		{381854DF-0B23-4446-A6B9-3704130CA6B0}.Debug|Any CPU.ActiveCfg = Debug|Any CPU
		{381854DF-0B23-4446-A6B9-3704130CA6B0}.Debug|Any CPU.Build.0 = Debug|Any CPU
		{381854DF-0B23-4446-A6B9-3704130CA6B0}.Debug|x64.ActiveCfg = Debug|Any CPU
		{381854DF-0B23-4446-A6B9-3704130CA6B0}.Debug|x64.Build.0 = Debug|Any CPU
		{381854DF-0B23-4446-A6B9-3704130CA6B0}.Debug|x86.ActiveCfg = Debug|Any CPU
		{381854DF-0B23-4446-A6B9-3704130CA6B0}.Debug|x86.Build.0 = Debug|Any CPU
		{381854DF-0B23-4446-A6B9-3704130CA6B0}.Release|Any CPU.ActiveCfg = Release|Any CPU
		{381854DF-0B23-4446-A6B9-3704130CA6B0}.Release|Any CPU.Build.0 = Release|Any CPU
		{381854DF-0B23-4446-A6B9-3704130CA6B0}.Release|x64.ActiveCfg = Release|Any CPU
		{381854DF-0B23-4446-A6B9-3704130CA6B0}.Release|x64.Build.0 = Release|Any CPU
		{381854DF-0B23-4446-A6B9-3704130CA6B0}.Release|x86.ActiveCfg = Release|Any CPU
		{381854DF-0B23-4446-A6B9-3704130CA6B0}.Release|x86.Build.0 = Release|Any CPU
		{50774881-404E-4E6E-B204-722EE5608479}.Debug|Any CPU.ActiveCfg = Debug|Any CPU
		{50774881-404E-4E6E-B204-722EE5608479}.Debug|Any CPU.Build.0 = Debug|Any CPU
		{50774881-404E-4E6E-B204-722EE5608479}.Debug|x64.ActiveCfg = Debug|Any CPU
		{50774881-404E-4E6E-B204-722EE5608479}.Debug|x64.Build.0 = Debug|Any CPU
		{50774881-404E-4E6E-B204-722EE5608479}.Debug|x86.ActiveCfg = Debug|Any CPU
		{50774881-404E-4E6E-B204-722EE5608479}.Debug|x86.Build.0 = Debug|Any CPU
		{50774881-404E-4E6E-B204-722EE5608479}.Release|Any CPU.ActiveCfg = Release|Any CPU
		{50774881-404E-4E6E-B204-722EE5608479}.Release|Any CPU.Build.0 = Release|Any CPU
		{50774881-404E-4E6E-B204-722EE5608479}.Release|x64.ActiveCfg = Release|Any CPU
		{50774881-404E-4E6E-B204-722EE5608479}.Release|x64.Build.0 = Release|Any CPU
		{50774881-404E-4E6E-B204-722EE5608479}.Release|x86.ActiveCfg = Release|Any CPU
		{50774881-404E-4E6E-B204-722EE5608479}.Release|x86.Build.0 = Release|Any CPU
		{0D8CD2A2-6DB7-4B2D-A2E9-8F48EB5E2102}.Debug|Any CPU.ActiveCfg = Debug|Any CPU
		{0D8CD2A2-6DB7-4B2D-A2E9-8F48EB5E2102}.Debug|Any CPU.Build.0 = Debug|Any CPU
		{0D8CD2A2-6DB7-4B2D-A2E9-8F48EB5E2102}.Debug|x64.ActiveCfg = Debug|Any CPU
		{0D8CD2A2-6DB7-4B2D-A2E9-8F48EB5E2102}.Debug|x64.Build.0 = Debug|Any CPU
		{0D8CD2A2-6DB7-4B2D-A2E9-8F48EB5E2102}.Debug|x86.ActiveCfg = Debug|Any CPU
		{0D8CD2A2-6DB7-4B2D-A2E9-8F48EB5E2102}.Debug|x86.Build.0 = Debug|Any CPU
		{0D8CD2A2-6DB7-4B2D-A2E9-8F48EB5E2102}.Release|Any CPU.ActiveCfg = Release|Any CPU
		{0D8CD2A2-6DB7-4B2D-A2E9-8F48EB5E2102}.Release|Any CPU.Build.0 = Release|Any CPU
		{0D8CD2A2-6DB7-4B2D-A2E9-8F48EB5E2102}.Release|x64.ActiveCfg = Release|Any CPU
		{0D8CD2A2-6DB7-4B2D-A2E9-8F48EB5E2102}.Release|x64.Build.0 = Release|Any CPU
		{0D8CD2A2-6DB7-4B2D-A2E9-8F48EB5E2102}.Release|x86.ActiveCfg = Release|Any CPU
		{0D8CD2A2-6DB7-4B2D-A2E9-8F48EB5E2102}.Release|x86.Build.0 = Release|Any CPU
		{6E4161A1-2B54-4FD4-8BB0-06085887F20D}.Debug|Any CPU.ActiveCfg = Debug|Any CPU
		{6E4161A1-2B54-4FD4-8BB0-06085887F20D}.Debug|Any CPU.Build.0 = Debug|Any CPU
		{6E4161A1-2B54-4FD4-8BB0-06085887F20D}.Debug|x64.ActiveCfg = Debug|Any CPU
		{6E4161A1-2B54-4FD4-8BB0-06085887F20D}.Debug|x64.Build.0 = Debug|Any CPU
		{6E4161A1-2B54-4FD4-8BB0-06085887F20D}.Debug|x86.ActiveCfg = Debug|Any CPU
		{6E4161A1-2B54-4FD4-8BB0-06085887F20D}.Debug|x86.Build.0 = Debug|Any CPU
		{6E4161A1-2B54-4FD4-8BB0-06085887F20D}.Release|Any CPU.ActiveCfg = Release|Any CPU
		{6E4161A1-2B54-4FD4-8BB0-06085887F20D}.Release|Any CPU.Build.0 = Release|Any CPU
		{6E4161A1-2B54-4FD4-8BB0-06085887F20D}.Release|x64.ActiveCfg = Release|Any CPU
		{6E4161A1-2B54-4FD4-8BB0-06085887F20D}.Release|x64.Build.0 = Release|Any CPU
		{6E4161A1-2B54-4FD4-8BB0-06085887F20D}.Release|x86.ActiveCfg = Release|Any CPU
		{6E4161A1-2B54-4FD4-8BB0-06085887F20D}.Release|x86.Build.0 = Release|Any CPU
	EndGlobalSection
	GlobalSection(SolutionProperties) = preSolution
		HideSolutionNode = FALSE
	EndGlobalSection
	GlobalSection(NestedProjects) = preSolution
		{381854DF-0B23-4446-A6B9-3704130CA6B0} = {25C8FC62-1994-4DEE-8769-4AEE6DFDB7DF}
		{50774881-404E-4E6E-B204-722EE5608479} = {25C8FC62-1994-4DEE-8769-4AEE6DFDB7DF}
		{0D8CD2A2-6DB7-4B2D-A2E9-8F48EB5E2102} = {25C8FC62-1994-4DEE-8769-4AEE6DFDB7DF}
		{6E4161A1-2B54-4FD4-8BB0-06085887F20D} = {25C8FC62-1994-4DEE-8769-4AEE6DFDB7DF}
	EndGlobalSection
	GlobalSection(ExtensibilityGlobals) = postSolution
		SolutionGuid = {84C8BD69-EFA0-4F18-A088-8CCDCF552869}
	EndGlobalSection
EndGlobal
